# THIS IS AN AUTOGENERATED FILE. DO NOT EDIT THIS FILE DIRECTLY.
# yarn lockfile v1


"@lazyass/common@^1.1.0":
  version "1.1.0"
  resolved "https://registry.yarnpkg.com/@lazyass/common/-/common-1.1.0.tgz#23f2e087f1eabd770cf89cefc711f5ea9506d126"
  dependencies:
    lodash "^4.17.4"

classifier@~0.1.0:
  version "0.1.0"
  resolved "https://registry.yarnpkg.com/classifier/-/classifier-0.1.0.tgz#e2b185bba63bbf927cf7770eea1eb70aeb3f9596"
  dependencies:
    redis ">=0.7.0"
    underscore ">=1.1.0"

double-ended-queue@^2.1.0-0:
  version "2.1.0-0"
  resolved "https://registry.yarnpkg.com/double-ended-queue/-/double-ended-queue-2.1.0-0.tgz#103d3527fd31528f40188130c841efdd78264e5c"

is-plain-obj@^1.0.0:
  version "1.1.0"
  resolved "https://registry.yarnpkg.com/is-plain-obj/-/is-plain-obj-1.1.0.tgz#71a50c8429dfca773c92a390a4a03b39fcd51d3e"

is-regexp@^1.0.0:
  version "1.0.0"
  resolved "https://registry.yarnpkg.com/is-regexp/-/is-regexp-1.0.0.tgz#fd2d883545c46bac5a633e7b9a09e87fa2cb5069"

language-classifier@0.0.1:
  version "0.0.1"
  resolved "https://registry.yarnpkg.com/language-classifier/-/language-classifier-0.0.1.tgz#b0c44cab331948e68a879cd63d5c1da68936774b"
  dependencies:
    classifier "~0.1.0"

language-detect@^1.1.0:
  version "1.1.0"
  resolved "https://registry.yarnpkg.com/language-detect/-/language-detect-1.1.0.tgz#274bb8f58bec499cef2a8cfdb1028124eebb18e1"
  dependencies:
    language-classifier "0.0.1"

lodash@^4.15.0, lodash@^4.17.2, lodash@^4.17.4:
  version "4.17.4"
  resolved "https://registry.yarnpkg.com/lodash/-/lodash-4.17.4.tgz#78203a4d1c328ae1d86dca6460e369b57f4055ae"

oh-lodash@^1.0.0:
  version "1.0.1"
  resolved "https://registry.yarnpkg.com/oh-lodash/-/oh-lodash-1.0.1.tgz#beae78daad286108a15150981e93a4c364f0cf16"

quibble@^0.4.0:
  version "0.4.0"
  resolved "https://registry.yarnpkg.com/quibble/-/quibble-0.4.0.tgz#a1535c4a80b3d3617d23c5d770f1ec2c7b5523a1"
  dependencies:
    lodash "^4.17.2"

redis-commands@^1.2.0:
  version "1.3.1"
  resolved "https://registry.yarnpkg.com/redis-commands/-/redis-commands-1.3.1.tgz#81d826f45fa9c8b2011f4cd7a0fe597d241d442b"

redis-parser@^2.0.0:
  version "2.4.0"
  resolved "https://registry.yarnpkg.com/redis-parser/-/redis-parser-2.4.0.tgz#018ea743077aae944d0b798b2fd12587320bf3c9"

redis@>=0.7.0:
  version "2.6.5"
  resolved "https://registry.yarnpkg.com/redis/-/redis-2.6.5.tgz#87c1eff4a489f94b70871f3d08b6988f23a95687"
  dependencies:
    double-ended-queue "^2.1.0-0"
    redis-commands "^1.2.0"
    redis-parser "^2.0.0"

stringify-object@^2.4.0:
  version "2.4.0"
  resolved "https://registry.yarnpkg.com/stringify-object/-/stringify-object-2.4.0.tgz#c62d11023eb21fe2d9b087be039a26df3b22a09d"
  dependencies:
    is-plain-obj "^1.0.0"
    is-regexp "^1.0.0"

testdouble@^1.11.0:
  version "1.11.2"
  resolved "https://registry.yarnpkg.com/testdouble/-/testdouble-1.11.2.tgz#8b6a2e418ad1da9991e479203e37528dfd81d557"
  dependencies:
    lodash "^4.15.0"
    quibble "^0.4.0"
    stringify-object "^2.4.0"

underscore@>=1.1.0:
  version "1.8.3"
  resolved "https://registry.yarnpkg.com/underscore/-/underscore-1.8.3.tgz#4f3fb53b106e6097fcf9cb4109f2a5e9bdfa5022"
